// !$*UTF8*$!
{
	archiveVersion = 1;
	classes = {
	};
	objectVersion = 50;
	objects = {

/* Begin PBXBuildFile section */
		1211C7292112DBA5005C5F81 /* AppDelegate.swift in Sources */ = {isa = PBXBuildFile; fileRef = 1211C7282112DBA5005C5F81 /* AppDelegate.swift */; };
		1211C72B2112DBA5005C5F81 /* ViewController.swift in Sources */ = {isa = PBXBuildFile; fileRef = 1211C72A2112DBA5005C5F81 /* ViewController.swift */; };
		1211C72E2112DBA5005C5F81 /* Main.storyboard in Resources */ = {isa = PBXBuildFile; fileRef = 1211C72C2112DBA5005C5F81 /* Main.storyboard */; };
		1211C7312112DBA5005C5F81 /* Example.xcdatamodeld in Sources */ = {isa = PBXBuildFile; fileRef = 1211C72F2112DBA5005C5F81 /* Example.xcdatamodeld */; };
		1211C7332112DBA6005C5F81 /* Assets.xcassets in Resources */ = {isa = PBXBuildFile; fileRef = 1211C7322112DBA6005C5F81 /* Assets.xcassets */; };
		1211C7362112DBA6005C5F81 /* LaunchScreen.storyboard in Resources */ = {isa = PBXBuildFile; fileRef = 1211C7342112DBA6005C5F81 /* LaunchScreen.storyboard */; };
		1211C75A2112DCE7005C5F81 /* worldcities.csv in Resources */ = {isa = PBXBuildFile; fileRef = 1211C7592112DCE7005C5F81 /* worldcities.csv */; };
		1211C75C2112DD37005C5F81 /* Expressible.framework in Frameworks */ = {isa = PBXBuildFile; fileRef = 1211C75B2112DD37005C5F81 /* Expressible.framework */; };
		1211C75D2112DD37005C5F81 /* Expressible.framework in Embed Frameworks */ = {isa = PBXBuildFile; fileRef = 1211C75B2112DD37005C5F81 /* Expressible.framework */; settings = {ATTRIBUTES = (CodeSignOnCopy, RemoveHeadersOnCopy, ); }; };
/* End PBXBuildFile section */

/* Begin PBXCopyFilesBuildPhase section */
		1211C75E2112DD37005C5F81 /* Embed Frameworks */ = {
			isa = PBXCopyFilesBuildPhase;
			buildActionMask = 2147483647;
			dstPath = "";
			dstSubfolderSpec = 10;
			files = (
				1211C75D2112DD37005C5F81 /* Expressible.framework in Embed Frameworks */,
			);
			name = "Embed Frameworks";
			runOnlyForDeploymentPostprocessing = 0;
		};
/* End PBXCopyFilesBuildPhase section */

/* Begin PBXFileReference section */
		1211C7252112DBA5005C5F81 /* Example.app */ = {isa = PBXFileReference; explicitFileType = wrapper.application; includeInIndex = 0; path = Example.app; sourceTree = BUILT_PRODUCTS_DIR; };
		1211C7282112DBA5005C5F81 /* AppDelegate.swift */ = {isa = PBXFileReference; lastKnownFileType = sourcecode.swift; path = AppDelegate.swift; sourceTree = "<group>"; };
		1211C72A2112DBA5005C5F81 /* ViewController.swift */ = {isa = PBXFileReference; lastKnownFileType = sourcecode.swift; path = ViewController.swift; sourceTree = "<group>"; };
		1211C72D2112DBA5005C5F81 /* Base */ = {isa = PBXFileReference; lastKnownFileType = file.storyboard; name = Base; path = Base.lproj/Main.storyboard; sourceTree = "<group>"; };
		1211C7302112DBA5005C5F81 /* Example.xcdatamodel */ = {isa = PBXFileReference; lastKnownFileType = wrapper.xcdatamodel; path = Example.xcdatamodel; sourceTree = "<group>"; };
		1211C7322112DBA6005C5F81 /* Assets.xcassets */ = {isa = PBXFileReference; lastKnownFileType = folder.assetcatalog; path = Assets.xcassets; sourceTree = "<group>"; };
		1211C7352112DBA6005C5F81 /* Base */ = {isa = PBXFileReference; lastKnownFileType = file.storyboard; name = Base; path = Base.lproj/LaunchScreen.storyboard; sourceTree = "<group>"; };
		1211C7372112DBA6005C5F81 /* Info.plist */ = {isa = PBXFileReference; lastKnownFileType = text.plist.xml; path = Info.plist; sourceTree = "<group>"; };
		1211C7592112DCE7005C5F81 /* worldcities.csv */ = {isa = PBXFileReference; fileEncoding = 4; lastKnownFileType = text; path = worldcities.csv; sourceTree = "<group>"; };
		1211C75B2112DD37005C5F81 /* Expressible.framework */ = {isa = PBXFileReference; explicitFileType = wrapper.framework; path = Expressible.framework; sourceTree = BUILT_PRODUCTS_DIR; };
/* End PBXFileReference section */

/* Begin PBXFrameworksBuildPhase section */
		1211C7222112DBA5005C5F81 /* Frameworks */ = {
			isa = PBXFrameworksBuildPhase;
			buildActionMask = 2147483647;
			files = (
				1211C75C2112DD37005C5F81 /* Expressible.framework in Frameworks */,
			);
			runOnlyForDeploymentPostprocessing = 0;
		};
/* End PBXFrameworksBuildPhase section */

/* Begin PBXGroup section */
		1211C71C2112DBA5005C5F81 = {
			isa = PBXGroup;
			children = (
				1211C75B2112DD37005C5F81 /* Expressible.framework */,
				1211C7272112DBA5005C5F81 /* Example */,
				1211C7262112DBA5005C5F81 /* Products */,
			);
			sourceTree = "<group>";
		};
		1211C7262112DBA5005C5F81 /* Products */ = {
			isa = PBXGroup;
			children = (
				1211C7252112DBA5005C5F81 /* Example.app */,
			);
			name = Products;
			sourceTree = "<group>";
		};
		1211C7272112DBA5005C5F81 /* Example */ = {
			isa = PBXGroup;
			children = (
				1211C7282112DBA5005C5F81 /* AppDelegate.swift */,
				1211C72A2112DBA5005C5F81 /* ViewController.swift */,
				1211C72C2112DBA5005C5F81 /* Main.storyboard */,
				1211C7322112DBA6005C5F81 /* Assets.xcassets */,
				1211C7342112DBA6005C5F81 /* LaunchScreen.storyboard */,
				1211C7372112DBA6005C5F81 /* Info.plist */,
				1211C7592112DCE7005C5F81 /* worldcities.csv */,
				1211C72F2112DBA5005C5F81 /* Example.xcdatamodeld */,
			);
			path = Example;
			sourceTree = "<group>";
		};
/* End PBXGroup section */

/* Begin PBXNativeTarget section */
		1211C7242112DBA5005C5F81 /* Example */ = {
			isa = PBXNativeTarget;
			buildConfigurationList = 1211C73A2112DBA6005C5F81 /* Build configuration list for PBXNativeTarget "Example" */;
			buildPhases = (
				1211C7212112DBA5005C5F81 /* Sources */,
				1211C7222112DBA5005C5F81 /* Frameworks */,
				1211C7232112DBA5005C5F81 /* Resources */,
				1211C75E2112DD37005C5F81 /* Embed Frameworks */,
			);
			buildRules = (
			);
			dependencies = (
			);
			name = Example;
			productName = Example;
			productReference = 1211C7252112DBA5005C5F81 /* Example.app */;
			productType = "com.apple.product-type.application";
		};
/* End PBXNativeTarget section */

/* Begin PBXProject section */
		1211C71D2112DBA5005C5F81 /* Project object */ = {
			isa = PBXProject;
			attributes = {
				LastSwiftUpdateCheck = 0940;
				LastUpgradeCheck = 0940;
				ORGANIZATIONNAME = "Artem Shimanski";
				TargetAttributes = {
					1211C7242112DBA5005C5F81 = {
						CreatedOnToolsVersion = 9.4;
					};
				};
			};
			buildConfigurationList = 1211C7202112DBA5005C5F81 /* Build configuration list for PBXProject "Example" */;
			compatibilityVersion = "Xcode 9.3";
			developmentRegion = en;
			hasScannedForEncodings = 0;
			knownRegions = (
				en,
				Base,
			);
			mainGroup = 1211C71C2112DBA5005C5F81;
			productRefGroup = 1211C7262112DBA5005C5F81 /* Products */;
			projectDirPath = "";
			projectRoot = "";
			targets = (
				1211C7242112DBA5005C5F81 /* Example */,
			);
		};
/* End PBXProject section */

/* Begin PBXResourcesBuildPhase section */
		1211C7232112DBA5005C5F81 /* Resources */ = {
			isa = PBXResourcesBuildPhase;
			buildActionMask = 2147483647;
			files = (
				1211C7362112DBA6005C5F81 /* LaunchScreen.storyboard in Resources */,
				1211C7332112DBA6005C5F81 /* Assets.xcassets in Resources */,
				1211C75A2112DCE7005C5F81 /* worldcities.csv in Resources */,
				1211C72E2112DBA5005C5F81 /* Main.storyboard in Resources */,
			);
			runOnlyForDeploymentPostprocessing = 0;
		};
/* End PBXResourcesBuildPhase section */

/* Begin PBXSourcesBuildPhase section */
		1211C7212112DBA5005C5F81 /* Sources */ = {
			isa = PBXSourcesBuildPhase;
			buildActionMask = 2147483647;
			files = (
				1211C72B2112DBA5005C5F81 /* ViewController.swift in Sources */,
				1211C7312112DBA5005C5F81 /* Example.xcdatamodeld in Sources */,
				1211C7292112DBA5005C5F81 /* AppDelegate.swift in Sources */,
			);
			runOnlyForDeploymentPostprocessing = 0;
		};
/* End PBXSourcesBuildPhase section */

/* Begin PBXVariantGroup section */
		1211C72C2112DBA5005C5F81 /* Main.storyboard */ = {
			isa = PBXVariantGroup;
			children = (
				1211C72D2112DBA5005C5F81 /* Base */,
			);
			name = Main.storyboard;
			sourceTree = "<group>";
		};
		1211C7342112DBA6005C5F81 /* LaunchScreen.storyboard */ = {
			isa = PBXVariantGroup;
			children = (
				1211C7352112DBA6005C5F81 /* Base */,
			);
			name = LaunchScreen.storyboard;
			sourceTree = "<group>";
		};
/* End PBXVariantGroup section */

/* Begin XCBuildConfiguration section */
		1211C7382112DBA6005C5F81 /* Debug */ = {
			isa = XCBuildConfiguration;
			buildSettings = {
				ALWAYS_SEARCH_USER_PATHS = NO;
				CLANG_ANALYZER_NONNULL = YES;
				CLANG_ANALYZER_NUMBER_OBJECT_CONVERSION = YES_AGGRESSIVE;
				CLANG_CXX_LANGUAGE_STANDARD = "gnu++14";
				CLANG_CXX_LIBRARY = "libc++";
				CLANG_ENABLE_MODULES = YES;
				CLANG_ENABLE_OBJC_ARC = YES;
				CLANG_ENABLE_OBJC_WEAK = YES;
				CLANG_WARN_BLOCK_CAPTURE_AUTORELEASING = YES;
				CLANG_WARN_BOOL_CONVERSION = YES;
				CLANG_WARN_COMMA = YES;
				CLANG_WARN_CONSTANT_CONVERSION = YES;
				CLANG_WARN_DEPRECATED_OBJC_IMPLEMENTATIONS = YES;
				CLANG_WARN_DIRECT_OBJC_ISA_USAGE = YES_ERROR;
				CLANG_WARN_DOCUMENTATION_COMMENTS = YES;
				CLANG_WARN_EMPTY_BODY = YES;
				CLANG_WARN_ENUM_CONVERSION = YES;
				CLANG_WARN_INFINITE_RECURSION = YES;
				CLANG_WARN_INT_CONVERSION = YES;
				CLANG_WARN_NON_LITERAL_NULL_CONVERSION = YES;
				CLANG_WARN_OBJC_IMPLICIT_RETAIN_SELF = YES;
				CLANG_WARN_OBJC_LITERAL_CONVERSION = YES;
				CLANG_WARN_OBJC_ROOT_CLASS = YES_ERROR;
				CLANG_WARN_RANGE_LOOP_ANALYSIS = YES;
				CLANG_WARN_STRICT_PROTOTYPES = YES;
				CLANG_WARN_SUSPICIOUS_MOVE = YES;
				CLANG_WARN_UNGUARDED_AVAILABILITY = YES_AGGRESSIVE;
				CLANG_WARN_UNREACHABLE_CODE = YES;
				CLANG_WARN__DUPLICATE_METHOD_MATCH = YES;
				CODE_SIGN_IDENTITY = "iPhone Developer";
				COPY_PHASE_STRIP = NO;
				DEBUG_INFORMATION_FORMAT = dwarf;
				ENABLE_STRICT_OBJC_MSGSEND = YES;
				ENABLE_TESTABILITY = YES;
				GCC_C_LANGUAGE_STANDARD = gnu11;
				GCC_DYNAMIC_NO_PIC = NO;
				GCC_NO_COMMON_BLOCKS = YES;
				GCC_OPTIMIZATION_LEVEL = 0;
				GCC_PREPROCESSOR_DEFINITIONS = (
					"DEBUG=1",
					"$(inherited)",
				);
				GCC_WARN_64_TO_32_BIT_CONVERSION = YES;
				GCC_WARN_ABOUT_RETURN_TYPE = YES_ERROR;
				GCC_WARN_UNDECLARED_SELECTOR = YES;
				GCC_WARN_UNINITIALIZED_AUTOS = YES_AGGRESSIVE;
				GCC_WARN_UNUSED_FUNCTION = YES;
				GCC_WARN_UNUSED_VARIABLE = YES;
				IPHONEOS_DEPLOYMENT_TARGET = 11.4;
				MTL_ENABLE_DEBUG_INFO = YES;
				ONLY_ACTIVE_ARCH = YES;
				SDKROOT = iphoneos;
				SWIFT_ACTIVE_COMPILATION_CONDITIONS = DEBUG;
				SWIFT_OPTIMIZATION_LEVEL = "-Onone";
			};
			name = Debug;
		};
		1211C7392112DBA6005C5F81 /* Release */ = {
			isa = XCBuildConfiguration;
			buildSettings = {
				ALWAYS_SEARCH_USER_PATHS = NO;
				CLANG_ANALYZER_NONNULL = YES;
				CLANG_ANALYZER_NUMBER_OBJECT_CONVERSION = YES_AGGRESSIVE;
				CLANG_CXX_LANGUAGE_STANDARD = "gnu++14";
				CLANG_CXX_LIBRARY = "libc++";
				CLANG_ENABLE_MODULES = YES;
				CLANG_ENABLE_OBJC_ARC = YES;
				CLANG_ENABLE_OBJC_WEAK = YES;
				CLANG_WARN_BLOCK_CAPTURE_AUTORELEASING = YES;
				CLANG_WARN_BOOL_CONVERSION = YES;
				CLANG_WARN_COMMA = YES;
				CLANG_WARN_CONSTANT_CONVERSION = YES;
				CLANG_WARN_DEPRECATED_OBJC_IMPLEMENTATIONS = YES;
				CLANG_WARN_DIRECT_OBJC_ISA_USAGE = YES_ERROR;
				CLANG_WARN_DOCUMENTATION_COMMENTS = YES;
				CLANG_WARN_EMPTY_BODY = YES;
				CLANG_WARN_ENUM_CONVERSION = YES;
				CLANG_WARN_INFINITE_RECURSION = YES;
				CLANG_WARN_INT_CONVERSION = YES;
				CLANG_WARN_NON_LITERAL_NULL_CONVERSION = YES;
				CLANG_WARN_OBJC_IMPLICIT_RETAIN_SELF = YES;
				CLANG_WARN_OBJC_LITERAL_CONVERSION = YES;
				CLANG_WARN_OBJC_ROOT_CLASS = YES_ERROR;
				CLANG_WARN_RANGE_LOOP_ANALYSIS = YES;
				CLANG_WARN_STRICT_PROTOTYPES = YES;
				CLANG_WARN_SUSPICIOUS_MOVE = YES;
				CLANG_WARN_UNGUARDED_AVAILABILITY = YES_AGGRESSIVE;
				CLANG_WARN_UNREACHABLE_CODE = YES;
				CLANG_WARN__DUPLICATE_METHOD_MATCH = YES;
				CODE_SIGN_IDENTITY = "iPhone Developer";
				COPY_PHASE_STRIP = NO;
				DEBUG_INFORMATION_FORMAT = "dwarf-with-dsym";
				ENABLE_NS_ASSERTIONS = NO;
				ENABLE_STRICT_OBJC_MSGSEND = YES;
				GCC_C_LANGUAGE_STANDARD = gnu11;
				GCC_NO_COMMON_BLOCKS = YES;
				GCC_WARN_64_TO_32_BIT_CONVERSION = YES;
				GCC_WARN_ABOUT_RETURN_TYPE = YES_ERROR;
				GCC_WARN_UNDECLARED_SELECTOR = YES;
				GCC_WARN_UNINITIALIZED_AUTOS = YES_AGGRESSIVE;
				GCC_WARN_UNUSED_FUNCTION = YES;
				GCC_WARN_UNUSED_VARIABLE = YES;
				IPHONEOS_DEPLOYMENT_TARGET = 11.4;
				MTL_ENABLE_DEBUG_INFO = NO;
				SDKROOT = iphoneos;
				SWIFT_COMPILATION_MODE = wholemodule;
				SWIFT_OPTIMIZATION_LEVEL = "-O";
				VALIDATE_PRODUCT = YES;
			};
			name = Release;
		};
		1211C73B2112DBA6005C5F81 /* Debug */ = {
			isa = XCBuildConfiguration;
			buildSettings = {
				ASSETCATALOG_COMPILER_APPICON_NAME = AppIcon;
				CODE_SIGN_STYLE = Automatic;
				DEVELOPMENT_TEAM = YB4RLQ4M9A;
				INFOPLIST_FILE = Example/Info.plist;
				LD_RUNPATH_SEARCH_PATHS = (
					"$(inherited)",
					"@executable_path/Frameworks",
				);
				PRODUCT_BUNDLE_IDENTIFIER = com.shimanski.Example;
				PRODUCT_NAME = "$(TARGET_NAME)";
				SWIFT_VERSION = 4.2;
				TARGETED_DEVICE_FAMILY = "1,2";
			};
			name = Debug;
		};
		1211C73C2112DBA6005C5F81 /* Release */ = {
			isa = XCBuildConfiguration;
			buildSettings = {
				ASSETCATALOG_COMPILER_APPICON_NAME = AppIcon;
				CODE_SIGN_STYLE = Automatic;
				DEVELOPMENT_TEAM = YB4RLQ4M9A;
				INFOPLIST_FILE = Example/Info.plist;
				LD_RUNPATH_SEARCH_PATHS = (
					"$(inherited)",
					"@executable_path/Frameworks",
				);
				PRODUCT_BUNDLE_IDENTIFIER = com.shimanski.Example;
				PRODUCT_NAME = "$(TARGET_NAME)";
				SWIFT_VERSION = 4.2;
				TARGETED_DEVICE_FAMILY = "1,2";
			};
			name = Release;
		};
/* End XCBuildConfiguration section */

/* Begin XCConfigurationList section */
		1211C7202112DBA5005C5F81 /* Build configuration list for PBXProject "Example" */ = {
			isa = XCConfigurationList;
			buildConfigurations = (
				1211C7382112DBA6005C5F81 /* Debug */,
				1211C7392112DBA6005C5F81 /* Release */,
			);
			defaultConfigurationIsVisible = 0;
			defaultConfigurationName = Release;
		};
		1211C73A2112DBA6005C5F81 /* Build configuration list for PBXNativeTarget "Example" */ = {
			isa = XCConfigurationList;
			buildConfigurations = (
				1211C73B2112DBA6005C5F81 /* Debug */,
				1211C73C2112DBA6005C5F81 /* Release */,
			);
			defaultConfigurationIsVisible = 0;
			defaultConfigurationName = Release;
		};
/* End XCConfigurationList section */

/* Begin XCVersionGroup section */
		1211C72F2112DBA5005C5F81 /* Example.xcdatamodeld */ = {
			isa = XCVersionGroup;
			children = (
				1211C7302112DBA5005C5F81 /* Example.xcdatamodel */,
			);
			currentVersion = 1211C7302112DBA5005C5F81 /* Example.xcdatamodel */;
			path = Example.xcdatamodeld;
			sourceTree = "<group>";
			versionGroupType = wrapper.xcdatamodel;
		};
/* End XCVersionGroup section */
	};
	rootObject = 1211C71D2112DBA5005C5F81 /* Project object */;
}
